
Microsoft Visual Studio Solution File, Format Version 12.00
# Visual Studio Version 17
VisualStudioVersion = 17.5.002.0
MinimumVisualStudioVersion = 10.0.40219.1
Project("{9A19103F-16F7-4668-BE54-9A1E7A4F7556}") = "MuteShureMic", "MuteShureMic.csproj", "{34B7CB33-505B-4A5F-A38B-C3E60B07AB8D}"
EndProject
Global
	GlobalSection(SolutionConfigurationPlatforms) = preSolution
		Debug|Any CPU = Debug|Any CPU
		Release|Any CPU = Release|Any CPU
	EndGlobalSection
	GlobalSection(ProjectConfigurationPlatforms) = postSolution
		{34B7CB33-505B-4A5F-A38B-C3E60B07AB8D}.Debug|Any CPU.ActiveCfg = Debug|Any CPU
		{34B7CB33-505B-4A5F-A38B-C3E60B07AB8D}.Debug|Any CPU.Build.0 = Debug|Any CPU
		{34B7CB33-505B-4A5F-A38B-C3E60B07AB8D}.Release|Any CPU.ActiveCfg = Release|Any CPU
		{34B7CB33-505B-4A5F-A38B-C3E60B07AB8D}.Release|Any CPU.Build.0 = Release|Any CPU
	EndGlobalSection
	GlobalSection(SolutionProperties) = preSolution
		HideSolutionNode = FALSE
	EndGlobalSection
	GlobalSection(ExtensibilityGlobals) = postSolution
		SolutionGuid = {FCBA2470-9524-4939-B007-E97852D92482}
	EndGlobalSection
EndGlobal
